
Microsoft Visual Studio Solution File, Format Version 12.00
# Visual Studio Version 16
VisualStudioVersion = 16.0.30204.135
MinimumVisualStudioVersion = 10.0.40219.1
Project("{9A19103F-16F7-4668-BE54-9A1E7A4F7556}") = "OrcamentariaBackEnd", "OrcamentariaBackEnd.csproj", "{8ABF5B79-14D8-4569-854F-A169D956F45B}"
EndProject
Global
	GlobalSection(SolutionConfigurationPlatforms) = preSolution
		Debug|Any CPU = Debug|Any CPU
		Release|Any CPU = Release|Any CPU
	EndGlobalSection
	GlobalSection(ProjectConfigurationPlatforms) = postSolution
		{8ABF5B79-14D8-4569-854F-A169D956F45B}.Debug|Any CPU.ActiveCfg = Debug|Any CPU
		{8ABF5B79-14D8-4569-854F-A169D956F45B}.Debug|Any CPU.Build.0 = Debug|Any CPU
		{8ABF5B79-14D8-4569-854F-A169D956F45B}.Release|Any CPU.ActiveCfg = Release|Any CPU
		{8ABF5B79-14D8-4569-854F-A169D956F45B}.Release|Any CPU.Build.0 = Release|Any CPU
	EndGlobalSection
	GlobalSection(SolutionProperties) = preSolution
		HideSolutionNode = FALSE
	EndGlobalSection
	GlobalSection(ExtensibilityGlobals) = postSolution
		SolutionGuid = {5F788C57-0C92-43BE-9C50-86EDB482E575}
	EndGlobalSection
EndGlobal
